<?xml version="1.0" encoding="utf-8"?>
<Project ToolsVersion="4.0" xmlns="http://schemas.microsoft.com/developer/msbuild/2003">
  <ItemGroup>
    <Filter Include="win32">
      <UniqueIdentifier>{84a8ebd7-7cf0-47f6-b75e-d441df67da40}</UniqueIdentifier>
    </Filter>
    <Filter Include="resource">
      <UniqueIdentifier>{715254bc-d70b-4ec5-bf29-467dd3ace079}</UniqueIdentifier>
    </Filter>
    <Filter Include="src">
      <UniqueIdentifier>{bb6c862e-70e9-49d9-81b7-3829a6f50471}</UniqueIdentifier>
    </Filter>
    <Filter Include="src\uitl">
      <UniqueIdentifier>{4cf31592-30a9-40aa-ab1a-3d8541257d24}</UniqueIdentifier>
    </Filter>
    <Filter Include="src\tests">
      <UniqueIdentifier>{380adbbc-7f22-4311-967b-5f9310186e43}</UniqueIdentifier>
    </Filter>
    <Filter Include="src\layer">
      <UniqueIdentifier>{ada5245a-68d5-45a0-bd51-2c49aa76a61c}</UniqueIdentifier>
    </Filter>
  </ItemGroup>
  <ItemGroup>
    <ClCompile Include="main.cpp">
      <Filter>win32</Filter>
    </ClCompile>
    <ClCompile Include="..\Classes\AppDelegate.cpp">
      <Filter>src</Filter>
    </ClCompile>
    <ClCompile Include="..\Classes\HelloWorldScene.cpp">
      <Filter>src</Filter>
    </ClCompile>
    <ClCompile Include="..\Classes\SceneGame.cpp">
      <Filter>src</Filter>
    </ClCompile>
    <ClCompile Include="..\Classes\util\UtilRandom.cpp">
      <Filter>src\uitl</Filter>
    </ClCompile>
    <ClCompile Include="..\Classes\tests\TestSpriteBtachNode.cpp">
      <Filter>src\tests</Filter>
    </ClCompile>
    <ClCompile Include="..\Classes\layer\Enemy.cpp">
      <Filter>src\layer</Filter>
    </ClCompile>
    <ClCompile Include="..\Classes\layer\LayerBullet.cpp">
      <Filter>src\layer</Filter>
    </ClCompile>
    <ClCompile Include="..\Classes\layer\LayerEnemy.cpp">
      <Filter>src\layer</Filter>
    </ClCompile>
    <ClCompile Include="..\Classes\layer\LayerGame.cpp">
      <Filter>src\layer</Filter>
    </ClCompile>
    <ClCompile Include="..\Classes\layer\LayerPlane.cpp">
      <Filter>src\layer</Filter>
    </ClCompile>
    <ClCompile Include="..\Classes\layer\LayerUFO.cpp">
      <Filter>src\layer</Filter>
    </ClCompile>
    <ClCompile Include="..\Classes\layer\UFO.cpp">
      <Filter>src\layer</Filter>
    </ClCompile>
    <ClCompile Include="..\Classes\layer\LayerUI.cpp">
      <Filter>src\layer</Filter>
    </ClCompile>
    <ClCompile Include="..\Classes\layer\ManagetLayer.cpp">
      <Filter>src\layer</Filter>
    </ClCompile>
  </ItemGroup>
  <ItemGroup>
    <ClInclude Include="main.h">
      <Filter>win32</Filter>
    </ClInclude>
    <ClInclude Include="..\Classes\AppDelegate.h">
      <Filter>src</Filter>
    </ClInclude>
    <ClInclude Include="..\Classes\HelloWorldScene.h">
      <Filter>src</Filter>
    </ClInclude>
    <ClInclude Include="..\Classes\SceneGame.h">
      <Filter>src</Filter>
    </ClInclude>
    <ClInclude Include="..\Classes\util\UtilRandom.h">
      <Filter>src\uitl</Filter>
    </ClInclude>
    <ClInclude Include="..\Classes\tests\TestSpriteBtachNode.h">
      <Filter>src\tests</Filter>
    </ClInclude>
    <ClInclude Include="..\Classes\layer\Enemy.h">
      <Filter>src\layer</Filter>
    </ClInclude>
    <ClInclude Include="..\Classes\layer\LayerBullet.h">
      <Filter>src\layer</Filter>
    </ClInclude>
    <ClInclude Include="..\Classes\layer\LayerEnemy.h">
      <Filter>src\layer</Filter>
    </ClInclude>
    <ClInclude Include="..\Classes\layer\LayerGame.h">
      <Filter>src\layer</Filter>
    </ClInclude>
    <ClInclude Include="..\Classes\layer\LayerPlane.h">
      <Filter>src\layer</Filter>
    </ClInclude>
    <ClInclude Include="..\Classes\layer\LayerUFO.h">
      <Filter>src\layer</Filter>
    </ClInclude>
    <ClInclude Include="..\Classes\layer\UFO.h">
      <Filter>src\layer</Filter>
    </ClInclude>
    <ClInclude Include="..\Classes\layer\LayerUI.h">
      <Filter>src\layer</Filter>
    </ClInclude>
    <ClInclude Include="..\Classes\layer\ManagetLayer.h">
      <Filter>src\layer</Filter>
    </ClInclude>
  </ItemGroup>
  <ItemGroup>
    <ResourceCompile Include="game.rc">
      <Filter>resource</Filter>
    </ResourceCompile>
  </ItemGroup>
</Project>